
Microsoft Visual Studio Solution File, Format Version 12.00
# Visual Studio 2013
VisualStudioVersion = 12.0.21005.1
MinimumVisualStudioVersion = 10.0.40219.1
Project("{FAE04EC0-301F-11D3-BF4B-00C04F79EFBC}") = "Launcher", "Launcher\Launcher.csproj", "{3F1B002E-2117-479F-B289-61A08DB352FE}"
EndProject
Global
	GlobalSection(SolutionConfigurationPlatforms) = preSolution
		Debug|Any CPU = Debug|Any CPU
		Debug|x86 = Debug|x86
		Release|Any CPU = Release|Any CPU
		Release|x86 = Release|x86
	EndGlobalSection
	GlobalSection(ProjectConfigurationPlatforms) = postSolution
		{3F1B002E-2117-479F-B289-61A08DB352FE}.Debug|Any CPU.ActiveCfg = Debug|Any CPU
		{3F1B002E-2117-479F-B289-61A08DB352FE}.Debug|Any CPU.Build.0 = Debug|Any CPU
		{3F1B002E-2117-479F-B289-61A08DB352FE}.Debug|x86.ActiveCfg = Debug|x86
		{3F1B002E-2117-479F-B289-61A08DB352FE}.Debug|x86.Build.0 = Debug|x86
		{3F1B002E-2117-479F-B289-61A08DB352FE}.Release|Any CPU.ActiveCfg = Release|Any CPU
		{3F1B002E-2117-479F-B289-61A08DB352FE}.Release|Any CPU.Build.0 = Release|Any CPU
		{3F1B002E-2117-479F-B289-61A08DB352FE}.Release|x86.ActiveCfg = Release|x86
		{3F1B002E-2117-479F-B289-61A08DB352FE}.Release|x86.Build.0 = Release|x86
	EndGlobalSection
	GlobalSection(SolutionProperties) = preSolution
		HideSolutionNode = FALSE
	EndGlobalSection
EndGlobal
